
Microsoft Visual Studio Solution File, Format Version 12.00
# Visual Studio 14
VisualStudioVersion = 14.0.24720.0
MinimumVisualStudioVersion = 10.0.40219.1
Project("{FAE04EC0-301F-11D3-BF4B-00C04F79EFBC}") = "HomeThings.Server", "HomeThings.Server\HomeThings.Server.csproj", "{00AA9C16-0602-461A-8BBF-6439B283C465}"
EndProject
Project("{FAE04EC0-301F-11D3-BF4B-00C04F79EFBC}") = "Webcorp.Domotic.Core", "..\..\..\Visual Studio 2015\Projects\Webcorp.Jarvis\Webcorp.Jarvis.Core\Webcorp.Domotic.Core.csproj", "{27446404-F224-4A19-861B-5A06DA8FA2D7}"
EndProject
Global
	GlobalSection(SolutionConfigurationPlatforms) = preSolution
		Debug|Any CPU = Debug|Any CPU
		Release|Any CPU = Release|Any CPU
	EndGlobalSection
	GlobalSection(ProjectConfigurationPlatforms) = postSolution
		{00AA9C16-0602-461A-8BBF-6439B283C465}.Debug|Any CPU.ActiveCfg = Debug|Any CPU
		{00AA9C16-0602-461A-8BBF-6439B283C465}.Debug|Any CPU.Build.0 = Debug|Any CPU
		{00AA9C16-0602-461A-8BBF-6439B283C465}.Release|Any CPU.ActiveCfg = Release|Any CPU
		{00AA9C16-0602-461A-8BBF-6439B283C465}.Release|Any CPU.Build.0 = Release|Any CPU
		{27446404-F224-4A19-861B-5A06DA8FA2D7}.Debug|Any CPU.ActiveCfg = Debug|Any CPU
		{27446404-F224-4A19-861B-5A06DA8FA2D7}.Debug|Any CPU.Build.0 = Debug|Any CPU
		{27446404-F224-4A19-861B-5A06DA8FA2D7}.Release|Any CPU.ActiveCfg = Release|Any CPU
		{27446404-F224-4A19-861B-5A06DA8FA2D7}.Release|Any CPU.Build.0 = Release|Any CPU
	EndGlobalSection
	GlobalSection(SolutionProperties) = preSolution
		HideSolutionNode = FALSE
	EndGlobalSection
EndGlobal
